
Microsoft Visual Studio Solution File, Format Version 12.00
# Visual Studio 14
VisualStudioVersion = 14.0.24720.0
MinimumVisualStudioVersion = 10.0.40219.1
Project("{FAE04EC0-301F-11D3-BF4B-00C04F79EFBC}") = "MiniMax", "MiniMax\MiniMax.csproj", "{350F1B1A-412D-4699-9ECA-D0C24F6BF53A}"
EndProject
Global
	GlobalSection(SolutionConfigurationPlatforms) = preSolution
		Debug|Any CPU = Debug|Any CPU
		Release|Any CPU = Release|Any CPU
	EndGlobalSection
	GlobalSection(ProjectConfigurationPlatforms) = postSolution
		{350F1B1A-412D-4699-9ECA-D0C24F6BF53A}.Debug|Any CPU.ActiveCfg = Debug|Any CPU
		{350F1B1A-412D-4699-9ECA-D0C24F6BF53A}.Debug|Any CPU.Build.0 = Debug|Any CPU
		{350F1B1A-412D-4699-9ECA-D0C24F6BF53A}.Release|Any CPU.ActiveCfg = Release|Any CPU
		{350F1B1A-412D-4699-9ECA-D0C24F6BF53A}.Release|Any CPU.Build.0 = Release|Any CPU
	EndGlobalSection
	GlobalSection(SolutionProperties) = preSolution
		HideSolutionNode = FALSE
	EndGlobalSection
EndGlobal
